// !$*UTF8*$!
{
	archiveVersion = 1;
	classes = {
	};
	objectVersion = 46;
	objects = {

/* Begin PBXBuildFile section */
		0207DA581B56EA530066E2B4 /* Images.xcassets in Resources */ = {isa = PBXBuildFile; fileRef = 0207DA571B56EA530066E2B4 /* Images.xcassets */; };
		0F70652F346C4B458CA18170 /* GCDWebServerFunctions.m in Sources */ = {isa = PBXBuildFile; fileRef = 7494268055B44D66A79F4517 /* GCDWebServerFunctions.m */; };
		125E52503CFC4493B647CCCE /* SystemConfiguration.framework in Frameworks */ = {isa = PBXBuildFile; fileRef = 04A91DC6F98C4F06BEC5F58C /* SystemConfiguration.framework */; };
		1D3623260D0F684500981E51 /* AppDelegate.m in Sources */ = {isa = PBXBuildFile; fileRef = 1D3623250D0F684500981E51 /* AppDelegate.m */; };
		1D60589B0D05DD56006BFB54 /* main.m in Sources */ = {isa = PBXBuildFile; fileRef = 29B97316FDCFA39411CA2CEA /* main.m */; };
		259BF916F52943258C7D1BBE /* AFNetworkReachabilityManager.m in Sources */ = {isa = PBXBuildFile; fileRef = 7BE2BDACA26B44928E570341 /* AFNetworkReachabilityManager.m */; };
		267EC6DC665B453EAC79AE3B /* GCDWebServerConnection.m in Sources */ = {isa = PBXBuildFile; fileRef = 469AFA3DFFED490D87D35AD8 /* GCDWebServerConnection.m */; };
		2A5DFAC2C59244548A864CFA /* GCDWebServerFileRequest.m in Sources */ = {isa = PBXBuildFile; fileRef = 9E412DCE06CB49F4A83516E1 /* GCDWebServerFileRequest.m */; };
		301BF552109A68D80062928A /* libCordova.a in Frameworks */ = {isa = PBXBuildFile; fileRef = 301BF535109A57CC0062928A /* libCordova.a */; };
		302D95F114D2391D003F00A1 /* MainViewController.m in Sources */ = {isa = PBXBuildFile; fileRef = 302D95EF14D2391D003F00A1 /* MainViewController.m */; };
		302D95F214D2391D003F00A1 /* MainViewController.xib in Resources */ = {isa = PBXBuildFile; fileRef = 302D95F014D2391D003F00A1 /* MainViewController.xib */; };
		48E3ECD99711402BA02D7CDE /* Security.framework in Frameworks */ = {isa = PBXBuildFile; fileRef = 6E5B8BEA98A046B7B10AFCA6 /* Security.framework */; };
		56AFB9E451264FCBB65FDD20 /* CDVWKWebViewEngine.m in Sources */ = {isa = PBXBuildFile; fileRef = 36EABC01E3824617925D78FA /* CDVWKWebViewEngine.m */; };
		587AC02D4CEE4B49906EE544 /* GCDWebServerURLEncodedFormRequest.m in Sources */ = {isa = PBXBuildFile; fileRef = D58DE67832A94A18B4DDBCDC /* GCDWebServerURLEncodedFormRequest.m */; };
		6AFF5BF91D6E424B00AB3073 /* CDVLaunchScreen.storyboard in Resources */ = {isa = PBXBuildFile; fileRef = 6AFF5BF81D6E424B00AB3073 /* CDVLaunchScreen.storyboard */; };
		6B27411A5C464409BF55D35C /* TextResponseSerializer.m in Sources */ = {isa = PBXBuildFile; fileRef = 9B7D74527F4E451D8767D998 /* TextResponseSerializer.m */; };
		6DE4E48FA92E4899B1AF0AE3 /* AFHTTPSessionManager.m in Sources */ = {isa = PBXBuildFile; fileRef = 3C0538C048A0462CBBCDE74D /* AFHTTPSessionManager.m */; };
		6FE65CE1675649148E28DC8D /* GCDWebServerMultiPartFormRequest.m in Sources */ = {isa = PBXBuildFile; fileRef = 2E3196C7FEEB4E388EE13062 /* GCDWebServerMultiPartFormRequest.m */; };
		7325E7346B3A45448CB8865F /* libz.tbd in Frameworks */ = {isa = PBXBuildFile; fileRef = 447A4264C20D4B6CAB79BE68 /* libz.tbd */; };
		75FACE80FE8E449DAA2AA997 /* AFSecurityPolicy.m in Sources */ = {isa = PBXBuildFile; fileRef = 84DA5D3D77B7442AA71EE63F /* AFSecurityPolicy.m */; };
		8621AE524C244893A58968D2 /* CDVDevice.m in Sources */ = {isa = PBXBuildFile; fileRef = E16B186518F34F5AB8158B13 /* CDVDevice.m */; };
		8E719C147A1B4CC9AD767B4C /* AFURLSessionManager.m in Sources */ = {isa = PBXBuildFile; fileRef = FF93A9F1FCD244AAA9069B80 /* AFURLSessionManager.m */; };
		920939F681C24AFDB7069F9A /* GCDWebServerDataResponse.m in Sources */ = {isa = PBXBuildFile; fileRef = 00CFC7C04CC94874971F9638 /* GCDWebServerDataResponse.m */; };
		960EFDEF9A094401A3ABA321 /* GCDWebServerRequest.m in Sources */ = {isa = PBXBuildFile; fileRef = 38F5BCB13CA641A9BCD72575 /* GCDWebServerRequest.m */; };
		9BA3214C13F54DA29BE490AE /* CDVIonicKeyboard.m in Sources */ = {isa = PBXBuildFile; fileRef = FE49CC8898534C288713345D /* CDVIonicKeyboard.m */; };
		A8DB230B02D1485894E110AB /* CDVViewController+SplashScreen.m in Sources */ = {isa = PBXBuildFile; fileRef = 41465EF9C5A94BD88C442669 /* CDVViewController+SplashScreen.m */; };
		AA07DA34678243A683738ED5 /* CDVSplashScreen.m in Sources */ = {isa = PBXBuildFile; fileRef = E27BB27D0C6941EEABF55DAA /* CDVSplashScreen.m */; };
		AAC34C5C42C74339B9CBF016 /* CDVStatusBar.m in Sources */ = {isa = PBXBuildFile; fileRef = 939B221D7D3D472EBBAECFFF /* CDVStatusBar.m */; };
		AAF7505FF4984F40973B682F /* CordovaHttpPlugin.m in Sources */ = {isa = PBXBuildFile; fileRef = E361C6DC917C4D6BB0769D9C /* CordovaHttpPlugin.m */; };
		ADF42761E6E24E2AB7DBFF00 /* GCDWebServerDataRequest.m in Sources */ = {isa = PBXBuildFile; fileRef = 7DCFF7885C4149BFB9DA0268 /* GCDWebServerDataRequest.m */; };
		AE73A2E763844ACD9E730089 /* GCDWebServerFileResponse.m in Sources */ = {isa = PBXBuildFile; fileRef = 6C256D4B79DE40B3A1416D80 /* GCDWebServerFileResponse.m */; };
		B1A50B4596544143855553C6 /* GCDWebServer.m in Sources */ = {isa = PBXBuildFile; fileRef = C33436AD8A2C42D884C6CEEB /* GCDWebServer.m */; };
		B68139B9BB3C45D4A5376D3C /* AFURLResponseSerialization.m in Sources */ = {isa = PBXBuildFile; fileRef = 82F7E3525412451B92145B40 /* AFURLResponseSerialization.m */; };
		B9891DF1621B4C308AF54CE0 /* GCDWebServerStreamedResponse.m in Sources */ = {isa = PBXBuildFile; fileRef = 4DC5E053B03147269A3ACC4B /* GCDWebServerStreamedResponse.m */; };
		BDE0B2071A034E93BD907ECF /* CDVFile.m in Sources */ = {isa = PBXBuildFile; fileRef = 01D4DE63965D47F4987DCB07 /* CDVFile.m */; };
		C2C559A3D7054CF58EF6CE24 /* WebKit.framework in Frameworks */ = {isa = PBXBuildFile; fileRef = E35B6236A6324227B4653FCA /* WebKit.framework */; settings = {ATTRIBUTES = (Weak, ); }; };
		C2FED7AEC5884889BAF2F140 /* CDVAssetLibraryFilesystem.m in Sources */ = {isa = PBXBuildFile; fileRef = 3C0AF7A6D9DB47F0B29FA0A8 /* CDVAssetLibraryFilesystem.m */; };
		C979BD0CDFD041C987EF0AAF /* CDVWKProcessPoolFactory.m in Sources */ = {isa = PBXBuildFile; fileRef = 29E7C6A726A34FAABF7D8EE4 /* CDVWKProcessPoolFactory.m */; };
		C9C2F1B313D44D76BA37B8AB /* GCDWebServerErrorResponse.m in Sources */ = {isa = PBXBuildFile; fileRef = A4D984817307422CA864973A /* GCDWebServerErrorResponse.m */; };
		CA9063EFAB6D4814923E24A6 /* CDVWKWebViewUIDelegate.m in Sources */ = {isa = PBXBuildFile; fileRef = 8EA6D4CA8E1549648790EF06 /* CDVWKWebViewUIDelegate.m */; };
		CE17953B0B9343C890B52481 /* GCDWebServerResponse.m in Sources */ = {isa = PBXBuildFile; fileRef = ED425A12B39A49E9B57B284F /* GCDWebServerResponse.m */; };
		EDF9A9A937B84D648CEA57F8 /* AFURLRequestSerialization.m in Sources */ = {isa = PBXBuildFile; fileRef = E0B35DD62D9842E594ACB2EE /* AFURLRequestSerialization.m */; };
		F43417D4CDED418C9E2D958E /* TextRequestSerializer.m in Sources */ = {isa = PBXBuildFile; fileRef = 635314101CD64E009BCCB59D /* TextRequestSerializer.m */; };
		FB79EDAF92B14806A4BB5900 /* CDVLocalFilesystem.m in Sources */ = {isa = PBXBuildFile; fileRef = 5841A508985841E9B31E9EC9 /* CDVLocalFilesystem.m */; };
/* End PBXBuildFile section */

/* Begin PBXContainerItemProxy section */
		301BF534109A57CC0062928A /* PBXContainerItemProxy */ = {
			isa = PBXContainerItemProxy;
			containerPortal = 301BF52D109A57CC0062928A /* CordovaLib/CordovaLib.xcodeproj */;
			proxyType = 2;
			remoteGlobalIDString = D2AAC07E0554694100DB518D;
			remoteInfo = CordovaLib;
		};
		301BF550109A68C00062928A /* PBXContainerItemProxy */ = {
			isa = PBXContainerItemProxy;
			containerPortal = 301BF52D109A57CC0062928A /* CordovaLib/CordovaLib.xcodeproj */;
			proxyType = 1;
			remoteGlobalIDString = D2AAC07D0554694100DB518D;
			remoteInfo = CordovaLib;
		};
		A1C22EC82101889900AA82D5 /* PBXContainerItemProxy */ = {
			isa = PBXContainerItemProxy;
			containerPortal = 301BF52D109A57CC0062928A /* CordovaLib/CordovaLib.xcodeproj */;
			proxyType = 2;
			remoteGlobalIDString = C0C01EB21E3911D50056E6CB;
			remoteInfo = Cordova;
		};
/* End PBXContainerItemProxy section */

/* Begin PBXFileReference section */
		00CFC7C04CC94874971F9638 /* GCDWebServerDataResponse.m */ = {isa = PBXFileReference; explicitFileType = undefined; fileEncoding = 4; includeInIndex = 0; lastKnownFileType = sourcecode.c.objc; name = GCDWebServerDataResponse.m; path = "cordova-plugin-ionic-webview/GCDWebServerDataResponse.m"; sourceTree = "<group>"; };
		01D4DE63965D47F4987DCB07 /* CDVFile.m */ = {isa = PBXFileReference; explicitFileType = undefined; fileEncoding = 4; includeInIndex = 0; lastKnownFileType = sourcecode.c.objc; name = CDVFile.m; path = "cordova-plugin-file/CDVFile.m"; sourceTree = "<group>"; };
		0207DA571B56EA530066E2B4 /* Images.xcassets */ = {isa = PBXFileReference; lastKnownFileType = folder.assetcatalog; name = Images.xcassets; path = Mindbeacon/Images.xcassets; sourceTree = SOURCE_ROOT; };
		04A91DC6F98C4F06BEC5F58C /* SystemConfiguration.framework */ = {isa = PBXFileReference; explicitFileType = undefined; fileEncoding = 9; includeInIndex = 0; lastKnownFileType = wrapper.framework; name = SystemConfiguration.framework; path = System/Library/Frameworks/SystemConfiguration.framework; sourceTree = SDKROOT; };
		06AA5F63690548328D862A9D /* AFURLResponseSerialization.h */ = {isa = PBXFileReference; explicitFileType = undefined; fileEncoding = 4; includeInIndex = 0; lastKnownFileType = sourcecode.c.h; name = AFURLResponseSerialization.h; path = "cordova-plugin-advanced-http/AFURLResponseSerialization.h"; sourceTree = "<group>"; };
		1D22CD2698374E4388F9528E /* GCDWebServerDataResponse.h */ = {isa = PBXFileReference; explicitFileType = undefined; fileEncoding = 4; includeInIndex = 0; lastKnownFileType = sourcecode.c.h; name = GCDWebServerDataResponse.h; path = "cordova-plugin-ionic-webview/GCDWebServerDataResponse.h"; sourceTree = "<group>"; };
		1D3623240D0F684500981E51 /* AppDelegate.h */ = {isa = PBXFileReference; fileEncoding = 4; lastKnownFileType = sourcecode.c.h; path = AppDelegate.h; sourceTree = "<group>"; };
		1D3623250D0F684500981E51 /* AppDelegate.m */ = {isa = PBXFileReference; fileEncoding = 4; lastKnownFileType = sourcecode.c.objc; path = AppDelegate.m; sourceTree = "<group>"; };
		1D6058910D05DD3D006BFB54 /* Mindbeacon.app */ = {isa = PBXFileReference; explicitFileType = wrapper.application; includeInIndex = 0; path = Mindbeacon.app; sourceTree = BUILT_PRODUCTS_DIR; };
		1E815C21A0444579A99E8FF7 /* GCDWebServerResponse.h */ = {isa = PBXFileReference; explicitFileType = undefined; fileEncoding = 4; includeInIndex = 0; lastKnownFileType = sourcecode.c.h; name = GCDWebServerResponse.h; path = "cordova-plugin-ionic-webview/GCDWebServerResponse.h"; sourceTree = "<group>"; };
		1F66671CAA6745DC971AAFD6 /* AFNetworkReachabilityManager.h */ = {isa = PBXFileReference; explicitFileType = undefined; fileEncoding = 4; includeInIndex = 0; lastKnownFileType = sourcecode.c.h; name = AFNetworkReachabilityManager.h; path = "cordova-plugin-advanced-http/AFNetworkReachabilityManager.h"; sourceTree = "<group>"; };
		29B97316FDCFA39411CA2CEA /* main.m */ = {isa = PBXFileReference; fileEncoding = 4; lastKnownFileType = sourcecode.c.objc; path = main.m; sourceTree = "<group>"; };
		29E7C6A726A34FAABF7D8EE4 /* CDVWKProcessPoolFactory.m */ = {isa = PBXFileReference; explicitFileType = undefined; fileEncoding = 4; includeInIndex = 0; lastKnownFileType = sourcecode.c.objc; name = CDVWKProcessPoolFactory.m; path = "cordova-plugin-ionic-webview/CDVWKProcessPoolFactory.m"; sourceTree = "<group>"; };
		2A35301E67424296B88E2BAE /* GCDWebServerRequest.h */ = {isa = PBXFileReference; explicitFileType = undefined; fileEncoding = 4; includeInIndex = 0; lastKnownFileType = sourcecode.c.h; name = GCDWebServerRequest.h; path = "cordova-plugin-ionic-webview/GCDWebServerRequest.h"; sourceTree = "<group>"; };
		2B6A8E455EF44B5C8A2B90A8 /* AFNetworking.h */ = {isa = PBXFileReference; explicitFileType = undefined; fileEncoding = 4; includeInIndex = 0; lastKnownFileType = sourcecode.c.h; name = AFNetworking.h; path = "cordova-plugin-advanced-http/AFNetworking.h"; sourceTree = "<group>"; };
		2C737CBEC69946AD9DFA4599 /* GCDWebServerConnection.h */ = {isa = PBXFileReference; explicitFileType = undefined; fileEncoding = 4; includeInIndex = 0; lastKnownFileType = sourcecode.c.h; name = GCDWebServerConnection.h; path = "cordova-plugin-ionic-webview/GCDWebServerConnection.h"; sourceTree = "<group>"; };
		2E3196C7FEEB4E388EE13062 /* GCDWebServerMultiPartFormRequest.m */ = {isa = PBXFileReference; explicitFileType = undefined; fileEncoding = 4; includeInIndex = 0; lastKnownFileType = sourcecode.c.objc; name = GCDWebServerMultiPartFormRequest.m; path = "cordova-plugin-ionic-webview/GCDWebServerMultiPartFormRequest.m"; sourceTree = "<group>"; };
		301BF52D109A57CC0062928A /* CordovaLib/CordovaLib.xcodeproj */ = {isa = PBXFileReference; lastKnownFileType = "wrapper.pb-project"; path = CordovaLib/CordovaLib.xcodeproj; sourceTree = "<group>"; };
		301BF56E109A69640062928A /* www */ = {isa = PBXFileReference; lastKnownFileType = folder; path = www; sourceTree = SOURCE_ROOT; };
		302D95EE14D2391D003F00A1 /* MainViewController.h */ = {isa = PBXFileReference; fileEncoding = 4; lastKnownFileType = sourcecode.c.h; path = MainViewController.h; sourceTree = "<group>"; };
		302D95EF14D2391D003F00A1 /* MainViewController.m */ = {isa = PBXFileReference; fileEncoding = 4; lastKnownFileType = sourcecode.c.objc; path = MainViewController.m; sourceTree = "<group>"; };
		302D95F014D2391D003F00A1 /* MainViewController.xib */ = {isa = PBXFileReference; fileEncoding = 4; lastKnownFileType = file.xib; path = MainViewController.xib; sourceTree = "<group>"; };
		3047A50F1AB8059700498E2A /* build-debug.xcconfig */ = {isa = PBXFileReference; fileEncoding = 4; lastKnownFileType = text.xcconfig; name = "build-debug.xcconfig"; path = "cordova/build-debug.xcconfig"; sourceTree = SOURCE_ROOT; };
		3047A5101AB8059700498E2A /* build-release.xcconfig */ = {isa = PBXFileReference; fileEncoding = 4; lastKnownFileType = text.xcconfig; name = "build-release.xcconfig"; path = "cordova/build-release.xcconfig"; sourceTree = SOURCE_ROOT; };
		3047A5111AB8059700498E2A /* build.xcconfig */ = {isa = PBXFileReference; fileEncoding = 4; lastKnownFileType = text.xcconfig; name = build.xcconfig; path = cordova/build.xcconfig; sourceTree = SOURCE_ROOT; };
		32A2C04679CA43BCB386FCE5 /* GCDWebServerStreamedResponse.h */ = {isa = PBXFileReference; explicitFileType = undefined; fileEncoding = 4; includeInIndex = 0; lastKnownFileType = sourcecode.c.h; name = GCDWebServerStreamedResponse.h; path = "cordova-plugin-ionic-webview/GCDWebServerStreamedResponse.h"; sourceTree = "<group>"; };
		32CA4F630368D1EE00C91783 /* Mindbeacon-Prefix.pch */ = {isa = PBXFileReference; fileEncoding = 4; lastKnownFileType = sourcecode.c.h; path = "Mindbeacon-Prefix.pch"; sourceTree = "<group>"; };
		36EABC01E3824617925D78FA /* CDVWKWebViewEngine.m */ = {isa = PBXFileReference; explicitFileType = undefined; fileEncoding = 4; includeInIndex = 0; lastKnownFileType = sourcecode.c.objc; name = CDVWKWebViewEngine.m; path = "cordova-plugin-ionic-webview/CDVWKWebViewEngine.m"; sourceTree = "<group>"; };
		38F5BCB13CA641A9BCD72575 /* GCDWebServerRequest.m */ = {isa = PBXFileReference; explicitFileType = undefined; fileEncoding = 4; includeInIndex = 0; lastKnownFileType = sourcecode.c.objc; name = GCDWebServerRequest.m; path = "cordova-plugin-ionic-webview/GCDWebServerRequest.m"; sourceTree = "<group>"; };
		3B0EAE0C2D024633BE775C3D /* GCDWebServerPrivate.h */ = {isa = PBXFileReference; explicitFileType = undefined; fileEncoding = 4; includeInIndex = 0; lastKnownFileType = sourcecode.c.h; name = GCDWebServerPrivate.h; path = "cordova-plugin-ionic-webview/GCDWebServerPrivate.h"; sourceTree = "<group>"; };
		3C0538C048A0462CBBCDE74D /* AFHTTPSessionManager.m */ = {isa = PBXFileReference; explicitFileType = undefined; fileEncoding = 4; includeInIndex = 0; lastKnownFileType = sourcecode.c.objc; name = AFHTTPSessionManager.m; path = "cordova-plugin-advanced-http/AFHTTPSessionManager.m"; sourceTree = "<group>"; };
		3C0AF7A6D9DB47F0B29FA0A8 /* CDVAssetLibraryFilesystem.m */ = {isa = PBXFileReference; explicitFileType = undefined; fileEncoding = 4; includeInIndex = 0; lastKnownFileType = sourcecode.c.objc; name = CDVAssetLibraryFilesystem.m; path = "cordova-plugin-file/CDVAssetLibraryFilesystem.m"; sourceTree = "<group>"; };
		3FE8B2A179DC431A9E8C86DD /* CDVViewController+SplashScreen.h */ = {isa = PBXFileReference; explicitFileType = undefined; fileEncoding = 4; includeInIndex = 0; lastKnownFileType = sourcecode.c.h; name = "CDVViewController+SplashScreen.h"; path = "cordova-plugin-splashscreen/CDVViewController+SplashScreen.h"; sourceTree = "<group>"; };
		41465EF9C5A94BD88C442669 /* CDVViewController+SplashScreen.m */ = {isa = PBXFileReference; explicitFileType = undefined; fileEncoding = 4; includeInIndex = 0; lastKnownFileType = sourcecode.c.objc; name = "CDVViewController+SplashScreen.m"; path = "cordova-plugin-splashscreen/CDVViewController+SplashScreen.m"; sourceTree = "<group>"; };
		447A4264C20D4B6CAB79BE68 /* libz.tbd */ = {isa = PBXFileReference; explicitFileType = undefined; fileEncoding = 9; includeInIndex = 0; lastKnownFileType = "sourcecode.text-based-dylib-definition"; name = libz.tbd; path = usr/lib/libz.tbd; sourceTree = SDKROOT; };
		469AFA3DFFED490D87D35AD8 /* GCDWebServerConnection.m */ = {isa = PBXFileReference; explicitFileType = undefined; fileEncoding = 4; includeInIndex = 0; lastKnownFileType = sourcecode.c.objc; name = GCDWebServerConnection.m; path = "cordova-plugin-ionic-webview/GCDWebServerConnection.m"; sourceTree = "<group>"; };
		4DC5E053B03147269A3ACC4B /* GCDWebServerStreamedResponse.m */ = {isa = PBXFileReference; explicitFileType = undefined; fileEncoding = 4; includeInIndex = 0; lastKnownFileType = sourcecode.c.objc; name = GCDWebServerStreamedResponse.m; path = "cordova-plugin-ionic-webview/GCDWebServerStreamedResponse.m"; sourceTree = "<group>"; };
		5724D5F687AF4445BD1536A6 /* GCDWebServerFunctions.h */ = {isa = PBXFileReference; explicitFileType = undefined; fileEncoding = 4; includeInIndex = 0; lastKnownFileType = sourcecode.c.h; name = GCDWebServerFunctions.h; path = "cordova-plugin-ionic-webview/GCDWebServerFunctions.h"; sourceTree = "<group>"; };
		5841A508985841E9B31E9EC9 /* CDVLocalFilesystem.m */ = {isa = PBXFileReference; explicitFileType = undefined; fileEncoding = 4; includeInIndex = 0; lastKnownFileType = sourcecode.c.objc; name = CDVLocalFilesystem.m; path = "cordova-plugin-file/CDVLocalFilesystem.m"; sourceTree = "<group>"; };
		5A1DB37CB4924E82872CDFE0 /* TextResponseSerializer.h */ = {isa = PBXFileReference; explicitFileType = undefined; fileEncoding = 4; includeInIndex = 0; lastKnownFileType = sourcecode.c.h; name = TextResponseSerializer.h; path = "cordova-plugin-advanced-http/TextResponseSerializer.h"; sourceTree = "<group>"; };
		5F6D1DF34F19406EAFA37322 /* CDVWKWebViewUIDelegate.h */ = {isa = PBXFileReference; explicitFileType = undefined; fileEncoding = 4; includeInIndex = 0; lastKnownFileType = sourcecode.c.h; name = CDVWKWebViewUIDelegate.h; path = "cordova-plugin-ionic-webview/CDVWKWebViewUIDelegate.h"; sourceTree = "<group>"; };
		635314101CD64E009BCCB59D /* TextRequestSerializer.m */ = {isa = PBXFileReference; explicitFileType = undefined; fileEncoding = 4; includeInIndex = 0; lastKnownFileType = sourcecode.c.objc; name = TextRequestSerializer.m; path = "cordova-plugin-advanced-http/TextRequestSerializer.m"; sourceTree = "<group>"; };
		66B086943B8F40CD8FB6AFCF /* CDVLocalFilesystem.h */ = {isa = PBXFileReference; explicitFileType = undefined; fileEncoding = 4; includeInIndex = 0; lastKnownFileType = sourcecode.c.h; name = CDVLocalFilesystem.h; path = "cordova-plugin-file/CDVLocalFilesystem.h"; sourceTree = "<group>"; };
		6A48BB9B76404AA4B65D32F8 /* AFURLRequestSerialization.h */ = {isa = PBXFileReference; explicitFileType = undefined; fileEncoding = 4; includeInIndex = 0; lastKnownFileType = sourcecode.c.h; name = AFURLRequestSerialization.h; path = "cordova-plugin-advanced-http/AFURLRequestSerialization.h"; sourceTree = "<group>"; };
		6AFF5BF81D6E424B00AB3073 /* CDVLaunchScreen.storyboard */ = {isa = PBXFileReference; fileEncoding = 4; lastKnownFileType = file.storyboard; name = CDVLaunchScreen.storyboard; path = Mindbeacon/CDVLaunchScreen.storyboard; sourceTree = SOURCE_ROOT; };
		6C256D4B79DE40B3A1416D80 /* GCDWebServerFileResponse.m */ = {isa = PBXFileReference; explicitFileType = undefined; fileEncoding = 4; includeInIndex = 0; lastKnownFileType = sourcecode.c.objc; name = GCDWebServerFileResponse.m; path = "cordova-plugin-ionic-webview/GCDWebServerFileResponse.m"; sourceTree = "<group>"; };
		6CAF359404FC42C8AE42C62C /* GCDWebServerErrorResponse.h */ = {isa = PBXFileReference; explicitFileType = undefined; fileEncoding = 4; includeInIndex = 0; lastKnownFileType = sourcecode.c.h; name = GCDWebServerErrorResponse.h; path = "cordova-plugin-ionic-webview/GCDWebServerErrorResponse.h"; sourceTree = "<group>"; };
		6E2587EFFA044377BDCFCFB9 /* CDVAssetLibraryFilesystem.h */ = {isa = PBXFileReference; explicitFileType = undefined; fileEncoding = 4; includeInIndex = 0; lastKnownFileType = sourcecode.c.h; name = CDVAssetLibraryFilesystem.h; path = "cordova-plugin-file/CDVAssetLibraryFilesystem.h"; sourceTree = "<group>"; };
		6E2B2E06C28344CFBF8E92C8 /* CDVWKWebViewEngine.h */ = {isa = PBXFileReference; explicitFileType = undefined; fileEncoding = 4; includeInIndex = 0; lastKnownFileType = sourcecode.c.h; name = CDVWKWebViewEngine.h; path = "cordova-plugin-ionic-webview/CDVWKWebViewEngine.h"; sourceTree = "<group>"; };
		6E5B8BEA98A046B7B10AFCA6 /* Security.framework */ = {isa = PBXFileReference; explicitFileType = undefined; fileEncoding = 9; includeInIndex = 0; lastKnownFileType = wrapper.framework; name = Security.framework; path = System/Library/Frameworks/Security.framework; sourceTree = SDKROOT; };
		71D0010F60504A5596355BA8 /* GCDWebServerMultiPartFormRequest.h */ = {isa = PBXFileReference; explicitFileType = undefined; fileEncoding = 4; includeInIndex = 0; lastKnownFileType = sourcecode.c.h; name = GCDWebServerMultiPartFormRequest.h; path = "cordova-plugin-ionic-webview/GCDWebServerMultiPartFormRequest.h"; sourceTree = "<group>"; };
		71F80BD01E494888BFA4CB75 /* CDVStatusBar.h */ = {isa = PBXFileReference; explicitFileType = undefined; fileEncoding = 4; includeInIndex = 0; lastKnownFileType = sourcecode.c.h; name = CDVStatusBar.h; path = "cordova-plugin-statusbar/CDVStatusBar.h"; sourceTree = "<group>"; };
		7494268055B44D66A79F4517 /* GCDWebServerFunctions.m */ = {isa = PBXFileReference; explicitFileType = undefined; fileEncoding = 4; includeInIndex = 0; lastKnownFileType = sourcecode.c.objc; name = GCDWebServerFunctions.m; path = "cordova-plugin-ionic-webview/GCDWebServerFunctions.m"; sourceTree = "<group>"; };
		7BE2BDACA26B44928E570341 /* AFNetworkReachabilityManager.m */ = {isa = PBXFileReference; explicitFileType = undefined; fileEncoding = 4; includeInIndex = 0; lastKnownFileType = sourcecode.c.objc; name = AFNetworkReachabilityManager.m; path = "cordova-plugin-advanced-http/AFNetworkReachabilityManager.m"; sourceTree = "<group>"; };
		7DCFF7885C4149BFB9DA0268 /* GCDWebServerDataRequest.m */ = {isa = PBXFileReference; explicitFileType = undefined; fileEncoding = 4; includeInIndex = 0; lastKnownFileType = sourcecode.c.objc; name = GCDWebServerDataRequest.m; path = "cordova-plugin-ionic-webview/GCDWebServerDataRequest.m"; sourceTree = "<group>"; };
		7EB5A25D793F448A87C459DF /* GCDWebServer.h */ = {isa = PBXFileReference; explicitFileType = undefined; fileEncoding = 4; includeInIndex = 0; lastKnownFileType = sourcecode.c.h; name = GCDWebServer.h; path = "cordova-plugin-ionic-webview/GCDWebServer.h"; sourceTree = "<group>"; };
		82F7E3525412451B92145B40 /* AFURLResponseSerialization.m */ = {isa = PBXFileReference; explicitFileType = undefined; fileEncoding = 4; includeInIndex = 0; lastKnownFileType = sourcecode.c.objc; name = AFURLResponseSerialization.m; path = "cordova-plugin-advanced-http/AFURLResponseSerialization.m"; sourceTree = "<group>"; };
		84DA5D3D77B7442AA71EE63F /* AFSecurityPolicy.m */ = {isa = PBXFileReference; explicitFileType = undefined; fileEncoding = 4; includeInIndex = 0; lastKnownFileType = sourcecode.c.objc; name = AFSecurityPolicy.m; path = "cordova-plugin-advanced-http/AFSecurityPolicy.m"; sourceTree = "<group>"; };
		899D5CCBB20E4C01857E2BC8 /* CDVIonicKeyboard.h */ = {isa = PBXFileReference; explicitFileType = undefined; fileEncoding = 4; includeInIndex = 0; lastKnownFileType = sourcecode.c.h; name = CDVIonicKeyboard.h; path = "cordova-plugin-ionic-keyboard/CDVIonicKeyboard.h"; sourceTree = "<group>"; };
		8D1107310486CEB800E47090 /* Mindbeacon-Info.plist */ = {isa = PBXFileReference; fileEncoding = 4; lastKnownFileType = text.plist.xml; name = "Mindbeacon-Info.plist"; path = "Mindbeacon/Mindbeacon-Info.plist"; plistStructureDefinitionIdentifier = "com.apple.xcode.plist.structure-definition.iphone.info-plist"; sourceTree = SOURCE_ROOT; };
		8EA6D4CA8E1549648790EF06 /* CDVWKWebViewUIDelegate.m */ = {isa = PBXFileReference; explicitFileType = undefined; fileEncoding = 4; includeInIndex = 0; lastKnownFileType = sourcecode.c.objc; name = CDVWKWebViewUIDelegate.m; path = "cordova-plugin-ionic-webview/CDVWKWebViewUIDelegate.m"; sourceTree = "<group>"; };
		8F1B709156E44E60B151B0AF /* AFURLSessionManager.h */ = {isa = PBXFileReference; explicitFileType = undefined; fileEncoding = 4; includeInIndex = 0; lastKnownFileType = sourcecode.c.h; name = AFURLSessionManager.h; path = "cordova-plugin-advanced-http/AFURLSessionManager.h"; sourceTree = "<group>"; };
		939B221D7D3D472EBBAECFFF /* CDVStatusBar.m */ = {isa = PBXFileReference; explicitFileType = undefined; fileEncoding = 4; includeInIndex = 0; lastKnownFileType = sourcecode.c.objc; name = CDVStatusBar.m; path = "cordova-plugin-statusbar/CDVStatusBar.m"; sourceTree = "<group>"; };
		9A01F49F70944C75B1499302 /* CDVFile.h */ = {isa = PBXFileReference; explicitFileType = undefined; fileEncoding = 4; includeInIndex = 0; lastKnownFileType = sourcecode.c.h; name = CDVFile.h; path = "cordova-plugin-file/CDVFile.h"; sourceTree = "<group>"; };
		9B7D74527F4E451D8767D998 /* TextResponseSerializer.m */ = {isa = PBXFileReference; explicitFileType = undefined; fileEncoding = 4; includeInIndex = 0; lastKnownFileType = sourcecode.c.objc; name = TextResponseSerializer.m; path = "cordova-plugin-advanced-http/TextResponseSerializer.m"; sourceTree = "<group>"; };
		9E412DCE06CB49F4A83516E1 /* GCDWebServerFileRequest.m */ = {isa = PBXFileReference; explicitFileType = undefined; fileEncoding = 4; includeInIndex = 0; lastKnownFileType = sourcecode.c.objc; name = GCDWebServerFileRequest.m; path = "cordova-plugin-ionic-webview/GCDWebServerFileRequest.m"; sourceTree = "<group>"; };
		A4D984817307422CA864973A /* GCDWebServerErrorResponse.m */ = {isa = PBXFileReference; explicitFileType = undefined; fileEncoding = 4; includeInIndex = 0; lastKnownFileType = sourcecode.c.objc; name = GCDWebServerErrorResponse.m; path = "cordova-plugin-ionic-webview/GCDWebServerErrorResponse.m"; sourceTree = "<group>"; };
		A5DC588BBD2D4A6785360685 /* GCDWebServerFileRequest.h */ = {isa = PBXFileReference; explicitFileType = undefined; fileEncoding = 4; includeInIndex = 0; lastKnownFileType = sourcecode.c.h; name = GCDWebServerFileRequest.h; path = "cordova-plugin-ionic-webview/GCDWebServerFileRequest.h"; sourceTree = "<group>"; };
		B07C14949E64425394097AB8 /* CDVWKProcessPoolFactory.h */ = {isa = PBXFileReference; explicitFileType = undefined; fileEncoding = 4; includeInIndex = 0; lastKnownFileType = sourcecode.c.h; name = CDVWKProcessPoolFactory.h; path = "cordova-plugin-ionic-webview/CDVWKProcessPoolFactory.h"; sourceTree = "<group>"; };
		B4277A2B89D2426B84B0D5E0 /* CDVSplashScreen.h */ = {isa = PBXFileReference; explicitFileType = undefined; fileEncoding = 4; includeInIndex = 0; lastKnownFileType = sourcecode.c.h; name = CDVSplashScreen.h; path = "cordova-plugin-splashscreen/CDVSplashScreen.h"; sourceTree = "<group>"; };
		B705C5E1CB0A4B4DBF83E502 /* GCDWebServerFileResponse.h */ = {isa = PBXFileReference; explicitFileType = undefined; fileEncoding = 4; includeInIndex = 0; lastKnownFileType = sourcecode.c.h; name = GCDWebServerFileResponse.h; path = "cordova-plugin-ionic-webview/GCDWebServerFileResponse.h"; sourceTree = "<group>"; };
		BE22599369E84DA2BA14A88B /* AFHTTPSessionManager.h */ = {isa = PBXFileReference; explicitFileType = undefined; fileEncoding = 4; includeInIndex = 0; lastKnownFileType = sourcecode.c.h; name = AFHTTPSessionManager.h; path = "cordova-plugin-advanced-http/AFHTTPSessionManager.h"; sourceTree = "<group>"; };
		C098301E97CC49D988C28685 /* CDVDevice.h */ = {isa = PBXFileReference; explicitFileType = undefined; fileEncoding = 4; includeInIndex = 0; lastKnownFileType = sourcecode.c.h; name = CDVDevice.h; path = "cordova-plugin-device/CDVDevice.h"; sourceTree = "<group>"; };
		C33436AD8A2C42D884C6CEEB /* GCDWebServer.m */ = {isa = PBXFileReference; explicitFileType = undefined; fileEncoding = 4; includeInIndex = 0; lastKnownFileType = sourcecode.c.objc; name = GCDWebServer.m; path = "cordova-plugin-ionic-webview/GCDWebServer.m"; sourceTree = "<group>"; };
		D2517D0A1652402EAA27C4E4 /* AFSecurityPolicy.h */ = {isa = PBXFileReference; explicitFileType = undefined; fileEncoding = 4; includeInIndex = 0; lastKnownFileType = sourcecode.c.h; name = AFSecurityPolicy.h; path = "cordova-plugin-advanced-http/AFSecurityPolicy.h"; sourceTree = "<group>"; };
		D58DE67832A94A18B4DDBCDC /* GCDWebServerURLEncodedFormRequest.m */ = {isa = PBXFileReference; explicitFileType = undefined; fileEncoding = 4; includeInIndex = 0; lastKnownFileType = sourcecode.c.objc; name = GCDWebServerURLEncodedFormRequest.m; path = "cordova-plugin-ionic-webview/GCDWebServerURLEncodedFormRequest.m"; sourceTree = "<group>"; };
		E0B35DD62D9842E594ACB2EE /* AFURLRequestSerialization.m */ = {isa = PBXFileReference; explicitFileType = undefined; fileEncoding = 4; includeInIndex = 0; lastKnownFileType = sourcecode.c.objc; name = AFURLRequestSerialization.m; path = "cordova-plugin-advanced-http/AFURLRequestSerialization.m"; sourceTree = "<group>"; };
		E16B186518F34F5AB8158B13 /* CDVDevice.m */ = {isa = PBXFileReference; explicitFileType = undefined; fileEncoding = 4; includeInIndex = 0; lastKnownFileType = sourcecode.c.objc; name = CDVDevice.m; path = "cordova-plugin-device/CDVDevice.m"; sourceTree = "<group>"; };
		E276CE79D9E84C2A918C131B /* GCDWebServerDataRequest.h */ = {isa = PBXFileReference; explicitFileType = undefined; fileEncoding = 4; includeInIndex = 0; lastKnownFileType = sourcecode.c.h; name = GCDWebServerDataRequest.h; path = "cordova-plugin-ionic-webview/GCDWebServerDataRequest.h"; sourceTree = "<group>"; };
		E27BB27D0C6941EEABF55DAA /* CDVSplashScreen.m */ = {isa = PBXFileReference; explicitFileType = undefined; fileEncoding = 4; includeInIndex = 0; lastKnownFileType = sourcecode.c.objc; name = CDVSplashScreen.m; path = "cordova-plugin-splashscreen/CDVSplashScreen.m"; sourceTree = "<group>"; };
		E35B6236A6324227B4653FCA /* WebKit.framework */ = {isa = PBXFileReference; explicitFileType = undefined; fileEncoding = 9; includeInIndex = 0; lastKnownFileType = wrapper.framework; name = WebKit.framework; path = System/Library/Frameworks/WebKit.framework; sourceTree = SDKROOT; };
		E361C6DC917C4D6BB0769D9C /* CordovaHttpPlugin.m */ = {isa = PBXFileReference; explicitFileType = undefined; fileEncoding = 4; includeInIndex = 0; lastKnownFileType = sourcecode.c.objc; name = CordovaHttpPlugin.m; path = "cordova-plugin-advanced-http/CordovaHttpPlugin.m"; sourceTree = "<group>"; };
		EB87FDF31871DA8E0020F90C /* www */ = {isa = PBXFileReference; lastKnownFileType = folder; name = www; path = ../../www; sourceTree = "<group>"; };
		EB87FDF41871DAF40020F90C /* config.xml */ = {isa = PBXFileReference; lastKnownFileType = text.xml; name = config.xml; path = ../../config.xml; sourceTree = "<group>"; };
		ED33DF2A687741AEAF9F8254 /* Bridging-Header.h */ = {isa = PBXFileReference; fileEncoding = 4; lastKnownFileType = sourcecode.c.h; path = "Bridging-Header.h"; sourceTree = "<group>"; };
		ED425A12B39A49E9B57B284F /* GCDWebServerResponse.m */ = {isa = PBXFileReference; explicitFileType = undefined; fileEncoding = 4; includeInIndex = 0; lastKnownFileType = sourcecode.c.objc; name = GCDWebServerResponse.m; path = "cordova-plugin-ionic-webview/GCDWebServerResponse.m"; sourceTree = "<group>"; };
		EF6705051AFB44C789453DEB /* CordovaHttpPlugin.h */ = {isa = PBXFileReference; explicitFileType = undefined; fileEncoding = 4; includeInIndex = 0; lastKnownFileType = sourcecode.c.h; name = CordovaHttpPlugin.h; path = "cordova-plugin-advanced-http/CordovaHttpPlugin.h"; sourceTree = "<group>"; };
		EF80488954CD4E909CD17999 /* GCDWebServerHTTPStatusCodes.h */ = {isa = PBXFileReference; explicitFileType = undefined; fileEncoding = 4; includeInIndex = 0; lastKnownFileType = sourcecode.c.h; name = GCDWebServerHTTPStatusCodes.h; path = "cordova-plugin-ionic-webview/GCDWebServerHTTPStatusCodes.h"; sourceTree = "<group>"; };
		F2E8F86C330848B1BDAA6E8B /* GCDWebServerURLEncodedFormRequest.h */ = {isa = PBXFileReference; explicitFileType = undefined; fileEncoding = 4; includeInIndex = 0; lastKnownFileType = sourcecode.c.h; name = GCDWebServerURLEncodedFormRequest.h; path = "cordova-plugin-ionic-webview/GCDWebServerURLEncodedFormRequest.h"; sourceTree = "<group>"; };
		F37CE8E6097A43FBB00DAB51 /* TextRequestSerializer.h */ = {isa = PBXFileReference; explicitFileType = undefined; fileEncoding = 4; includeInIndex = 0; lastKnownFileType = sourcecode.c.h; name = TextRequestSerializer.h; path = "cordova-plugin-advanced-http/TextRequestSerializer.h"; sourceTree = "<group>"; };
		F840E1F0165FE0F500CFE078 /* config.xml */ = {isa = PBXFileReference; lastKnownFileType = text.xml; name = config.xml; path = Mindbeacon/config.xml; sourceTree = "<group>"; };
		FE49CC8898534C288713345D /* CDVIonicKeyboard.m */ = {isa = PBXFileReference; explicitFileType = undefined; fileEncoding = 4; includeInIndex = 0; lastKnownFileType = sourcecode.c.objc; name = CDVIonicKeyboard.m; path = "cordova-plugin-ionic-keyboard/CDVIonicKeyboard.m"; sourceTree = "<group>"; };
		FF93A9F1FCD244AAA9069B80 /* AFURLSessionManager.m */ = {isa = PBXFileReference; explicitFileType = undefined; fileEncoding = 4; includeInIndex = 0; lastKnownFileType = sourcecode.c.objc; name = AFURLSessionManager.m; path = "cordova-plugin-advanced-http/AFURLSessionManager.m"; sourceTree = "<group>"; };
/* End PBXFileReference section */

/* Begin PBXFrameworksBuildPhase section */
		1D60588F0D05DD3D006BFB54 /* Frameworks */ = {
			isa = PBXFrameworksBuildPhase;
			buildActionMask = 2147483647;
			files = (
				301BF552109A68D80062928A /* libCordova.a in Frameworks */,
				48E3ECD99711402BA02D7CDE /* Security.framework in Frameworks */,
				125E52503CFC4493B647CCCE /* SystemConfiguration.framework in Frameworks */,
				C2C559A3D7054CF58EF6CE24 /* WebKit.framework in Frameworks */,
				7325E7346B3A45448CB8865F /* libz.tbd in Frameworks */,
			);
			runOnlyForDeploymentPostprocessing = 0;
		};
/* End PBXFrameworksBuildPhase section */

/* Begin PBXGroup section */
		080E96DDFE201D6D7F000001 /* Classes */ = {
			isa = PBXGroup;
			children = (
				302D95EE14D2391D003F00A1 /* MainViewController.h */,
				302D95EF14D2391D003F00A1 /* MainViewController.m */,
				302D95F014D2391D003F00A1 /* MainViewController.xib */,
				1D3623240D0F684500981E51 /* AppDelegate.h */,
				1D3623250D0F684500981E51 /* AppDelegate.m */,
			);
			name = Classes;
			path = Mindbeacon/Classes;
			sourceTree = SOURCE_ROOT;
		};
		19C28FACFE9D520D11CA2CBB /* Products */ = {
			isa = PBXGroup;
			children = (
				1D6058910D05DD3D006BFB54 /* Mindbeacon.app */,
			);
			name = Products;
			sourceTree = "<group>";
		};
		29B97314FDCFA39411CA2CEA /* CustomTemplate */ = {
			isa = PBXGroup;
			children = (
				EB87FDF41871DAF40020F90C /* config.xml */,
				EB87FDF31871DA8E0020F90C /* www */,
				EB87FDF11871DA420020F90C /* Staging */,
				301BF52D109A57CC0062928A /* CordovaLib/CordovaLib.xcodeproj */,
				080E96DDFE201D6D7F000001 /* Classes */,
				307C750510C5A3420062BCA9 /* Plugins */,
				29B97315FDCFA39411CA2CEA /* Other Sources */,
				29B97317FDCFA39411CA2CEA /* Resources */,
				29B97323FDCFA39411CA2CEA /* Frameworks */,
				19C28FACFE9D520D11CA2CBB /* Products */,
			);
			name = CustomTemplate;
			sourceTree = "<group>";
		};
		29B97315FDCFA39411CA2CEA /* Other Sources */ = {
			isa = PBXGroup;
			children = (
				32CA4F630368D1EE00C91783 /* Mindbeacon-Prefix.pch */,
				29B97316FDCFA39411CA2CEA /* main.m */,
				ED33DF2A687741AEAF9F8254 /* Bridging-Header.h */,
			);
			name = "Other Sources";
			path = Mindbeacon;
			sourceTree = "<group>";
		};
		29B97317FDCFA39411CA2CEA /* Resources */ = {
			isa = PBXGroup;
			children = (
				0207DA571B56EA530066E2B4 /* Images.xcassets */,
				3047A50E1AB8057F00498E2A /* config */,
				8D1107310486CEB800E47090 /* Mindbeacon-Info.plist */,
				6AFF5BF81D6E424B00AB3073 /* CDVLaunchScreen.storyboard */,
			);
			name = Resources;
			path = Mindbeacon/Resources;
			sourceTree = "<group>";
		};
		29B97323FDCFA39411CA2CEA /* Frameworks */ = {
			isa = PBXGroup;
			children = (
				6E5B8BEA98A046B7B10AFCA6 /* Security.framework */,
				04A91DC6F98C4F06BEC5F58C /* SystemConfiguration.framework */,
				E35B6236A6324227B4653FCA /* WebKit.framework */,
				447A4264C20D4B6CAB79BE68 /* libz.tbd */,
			);
			name = Frameworks;
			sourceTree = "<group>";
		};
		301BF52E109A57CC0062928A /* Products */ = {
			isa = PBXGroup;
			children = (
				301BF535109A57CC0062928A /* libCordova.a */,
				A1C22EC92101889900AA82D5 /* Cordova.framework */,
			);
			name = Products;
			sourceTree = "<group>";
		};
		3047A50E1AB8057F00498E2A /* config */ = {
			isa = PBXGroup;
			children = (
				3047A50F1AB8059700498E2A /* build-debug.xcconfig */,
				3047A5101AB8059700498E2A /* build-release.xcconfig */,
				3047A5111AB8059700498E2A /* build.xcconfig */,
			);
			name = config;
			sourceTree = "<group>";
		};
		307C750510C5A3420062BCA9 /* Plugins */ = {
			isa = PBXGroup;
			children = (
				01D4DE63965D47F4987DCB07 /* CDVFile.m */,
				5841A508985841E9B31E9EC9 /* CDVLocalFilesystem.m */,
				3C0AF7A6D9DB47F0B29FA0A8 /* CDVAssetLibraryFilesystem.m */,
				9A01F49F70944C75B1499302 /* CDVFile.h */,
				66B086943B8F40CD8FB6AFCF /* CDVLocalFilesystem.h */,
				6E2587EFFA044377BDCFCFB9 /* CDVAssetLibraryFilesystem.h */,
				E361C6DC917C4D6BB0769D9C /* CordovaHttpPlugin.m */,
				9B7D74527F4E451D8767D998 /* TextResponseSerializer.m */,
				635314101CD64E009BCCB59D /* TextRequestSerializer.m */,
				3C0538C048A0462CBBCDE74D /* AFHTTPSessionManager.m */,
				7BE2BDACA26B44928E570341 /* AFNetworkReachabilityManager.m */,
				84DA5D3D77B7442AA71EE63F /* AFSecurityPolicy.m */,
				E0B35DD62D9842E594ACB2EE /* AFURLRequestSerialization.m */,
				82F7E3525412451B92145B40 /* AFURLResponseSerialization.m */,
				FF93A9F1FCD244AAA9069B80 /* AFURLSessionManager.m */,
				EF6705051AFB44C789453DEB /* CordovaHttpPlugin.h */,
				5A1DB37CB4924E82872CDFE0 /* TextResponseSerializer.h */,
				F37CE8E6097A43FBB00DAB51 /* TextRequestSerializer.h */,
				BE22599369E84DA2BA14A88B /* AFHTTPSessionManager.h */,
				2B6A8E455EF44B5C8A2B90A8 /* AFNetworking.h */,
				1F66671CAA6745DC971AAFD6 /* AFNetworkReachabilityManager.h */,
				D2517D0A1652402EAA27C4E4 /* AFSecurityPolicy.h */,
				6A48BB9B76404AA4B65D32F8 /* AFURLRequestSerialization.h */,
				06AA5F63690548328D862A9D /* AFURLResponseSerialization.h */,
				8F1B709156E44E60B151B0AF /* AFURLSessionManager.h */,
				E16B186518F34F5AB8158B13 /* CDVDevice.m */,
				C098301E97CC49D988C28685 /* CDVDevice.h */,
				FE49CC8898534C288713345D /* CDVIonicKeyboard.m */,
				899D5CCBB20E4C01857E2BC8 /* CDVIonicKeyboard.h */,
				36EABC01E3824617925D78FA /* CDVWKWebViewEngine.m */,
				8EA6D4CA8E1549648790EF06 /* CDVWKWebViewUIDelegate.m */,
				29E7C6A726A34FAABF7D8EE4 /* CDVWKProcessPoolFactory.m */,
				C33436AD8A2C42D884C6CEEB /* GCDWebServer.m */,
				469AFA3DFFED490D87D35AD8 /* GCDWebServerConnection.m */,
				7494268055B44D66A79F4517 /* GCDWebServerFunctions.m */,
				38F5BCB13CA641A9BCD72575 /* GCDWebServerRequest.m */,
				ED425A12B39A49E9B57B284F /* GCDWebServerResponse.m */,
				7DCFF7885C4149BFB9DA0268 /* GCDWebServerDataRequest.m */,
				9E412DCE06CB49F4A83516E1 /* GCDWebServerFileRequest.m */,
				2E3196C7FEEB4E388EE13062 /* GCDWebServerMultiPartFormRequest.m */,
				D58DE67832A94A18B4DDBCDC /* GCDWebServerURLEncodedFormRequest.m */,
				00CFC7C04CC94874971F9638 /* GCDWebServerDataResponse.m */,
				A4D984817307422CA864973A /* GCDWebServerErrorResponse.m */,
				6C256D4B79DE40B3A1416D80 /* GCDWebServerFileResponse.m */,
				4DC5E053B03147269A3ACC4B /* GCDWebServerStreamedResponse.m */,
				6E2B2E06C28344CFBF8E92C8 /* CDVWKWebViewEngine.h */,
				5F6D1DF34F19406EAFA37322 /* CDVWKWebViewUIDelegate.h */,
				B07C14949E64425394097AB8 /* CDVWKProcessPoolFactory.h */,
				7EB5A25D793F448A87C459DF /* GCDWebServer.h */,
				2C737CBEC69946AD9DFA4599 /* GCDWebServerConnection.h */,
				5724D5F687AF4445BD1536A6 /* GCDWebServerFunctions.h */,
				EF80488954CD4E909CD17999 /* GCDWebServerHTTPStatusCodes.h */,
				3B0EAE0C2D024633BE775C3D /* GCDWebServerPrivate.h */,
				2A35301E67424296B88E2BAE /* GCDWebServerRequest.h */,
				1E815C21A0444579A99E8FF7 /* GCDWebServerResponse.h */,
				E276CE79D9E84C2A918C131B /* GCDWebServerDataRequest.h */,
				A5DC588BBD2D4A6785360685 /* GCDWebServerFileRequest.h */,
				71D0010F60504A5596355BA8 /* GCDWebServerMultiPartFormRequest.h */,
				F2E8F86C330848B1BDAA6E8B /* GCDWebServerURLEncodedFormRequest.h */,
				1D22CD2698374E4388F9528E /* GCDWebServerDataResponse.h */,
				6CAF359404FC42C8AE42C62C /* GCDWebServerErrorResponse.h */,
				B705C5E1CB0A4B4DBF83E502 /* GCDWebServerFileResponse.h */,
				32A2C04679CA43BCB386FCE5 /* GCDWebServerStreamedResponse.h */,
				E27BB27D0C6941EEABF55DAA /* CDVSplashScreen.m */,
				41465EF9C5A94BD88C442669 /* CDVViewController+SplashScreen.m */,
				B4277A2B89D2426B84B0D5E0 /* CDVSplashScreen.h */,
				3FE8B2A179DC431A9E8C86DD /* CDVViewController+SplashScreen.h */,
				939B221D7D3D472EBBAECFFF /* CDVStatusBar.m */,
				71F80BD01E494888BFA4CB75 /* CDVStatusBar.h */,
			);
			name = Plugins;
			path = Mindbeacon/Plugins;
			sourceTree = SOURCE_ROOT;
		};
		EB87FDF11871DA420020F90C /* Staging */ = {
			isa = PBXGroup;
			children = (
				F840E1F0165FE0F500CFE078 /* config.xml */,
				301BF56E109A69640062928A /* www */,
			);
			name = Staging;
			sourceTree = "<group>";
		};
/* End PBXGroup section */

/* Begin PBXNativeTarget section */
		1D6058900D05DD3D006BFB54 /* Mindbeacon */ = {
			isa = PBXNativeTarget;
			buildConfigurationList = 1D6058960D05DD3E006BFB54 /* Build configuration list for PBXNativeTarget "Mindbeacon" */;
			buildPhases = (
				304B58A110DAC018002A0835 /* Copy www directory */,
				1D60588D0D05DD3D006BFB54 /* Resources */,
				1D60588E0D05DD3D006BFB54 /* Sources */,
				1D60588F0D05DD3D006BFB54 /* Frameworks */,
			);
			buildRules = (
			);
			dependencies = (
				301BF551109A68C00062928A /* PBXTargetDependency */,
			);
			name = Mindbeacon;
			productName = Mindbeacon;
			productReference = 1D6058910D05DD3D006BFB54 /* Mindbeacon.app */;
			productType = "com.apple.product-type.application";
		};
/* End PBXNativeTarget section */

/* Begin PBXProject section */
		29B97313FDCFA39411CA2CEA /* Project object */ = {
			isa = PBXProject;
			attributes = {
				LastUpgradeCheck = 510;
			};
			buildConfigurationList = C01FCF4E08A954540054247B /* Build configuration list for PBXProject "Mindbeacon" */;
			compatibilityVersion = "Xcode 3.2";
			developmentRegion = English;
			hasScannedForEncodings = 1;
			knownRegions = (
				en,
			);
			mainGroup = 29B97314FDCFA39411CA2CEA /* CustomTemplate */;
			projectDirPath = "";
			projectReferences = (
				{
					ProductGroup = 301BF52E109A57CC0062928A /* Products */;
					ProjectRef = 301BF52D109A57CC0062928A /* CordovaLib/CordovaLib.xcodeproj */;
				},
			);
			projectRoot = "";
			targets = (
				1D6058900D05DD3D006BFB54 /* Mindbeacon */,
			);
		};
/* End PBXProject section */

/* Begin PBXReferenceProxy section */
		301BF535109A57CC0062928A /* libCordova.a */ = {
			isa = PBXReferenceProxy;
			fileType = archive.ar;
			path = libCordova.a;
			remoteRef = 301BF534109A57CC0062928A /* PBXContainerItemProxy */;
			sourceTree = BUILT_PRODUCTS_DIR;
		};
		A1C22EC92101889900AA82D5 /* Cordova.framework */ = {
			isa = PBXReferenceProxy;
			fileType = wrapper.framework;
			path = Cordova.framework;
			remoteRef = A1C22EC82101889900AA82D5 /* PBXContainerItemProxy */;
			sourceTree = BUILT_PRODUCTS_DIR;
		};
/* End PBXReferenceProxy section */

/* Begin PBXResourcesBuildPhase section */
		1D60588D0D05DD3D006BFB54 /* Resources */ = {
			isa = PBXResourcesBuildPhase;
			buildActionMask = 2147483647;
			files = (
				302D95F214D2391D003F00A1 /* MainViewController.xib in Resources */,
				0207DA581B56EA530066E2B4 /* Images.xcassets in Resources */,
				6AFF5BF91D6E424B00AB3073 /* CDVLaunchScreen.storyboard in Resources */,
			);
			runOnlyForDeploymentPostprocessing = 0;
		};
/* End PBXResourcesBuildPhase section */

/* Begin PBXShellScriptBuildPhase section */
		304B58A110DAC018002A0835 /* Copy www directory */ = {
			isa = PBXShellScriptBuildPhase;
			buildActionMask = 2147483647;
			files = (
			);
			inputPaths = (
			);
			name = "Copy www directory";
			outputPaths = (
			);
			runOnlyForDeploymentPostprocessing = 0;
			shellPath = /bin/sh;
			shellScript = "NODEJS_PATH=/usr/local/bin; NVM_NODE_PATH=~/.nvm/versions/node/`nvm version 2>/dev/null`/bin; N_NODE_PATH=`find /usr/local/n/versions/node/* -maxdepth 0 -type d 2>/dev/null | tail -1`/bin; XCODE_NODE_PATH=`xcode-select --print-path`/usr/share/xcs/Node/bin; PATH=$NODEJS_PATH:$NVM_NODE_PATH:$N_NODE_PATH:$XCODE_NODE_PATH:$PATH && node cordova/lib/copy-www-build-step.js";
			showEnvVarsInLog = 0;
		};
/* End PBXShellScriptBuildPhase section */

/* Begin PBXSourcesBuildPhase section */
		1D60588E0D05DD3D006BFB54 /* Sources */ = {
			isa = PBXSourcesBuildPhase;
			buildActionMask = 2147483647;
			files = (
				1D60589B0D05DD56006BFB54 /* main.m in Sources */,
				1D3623260D0F684500981E51 /* AppDelegate.m in Sources */,
				302D95F114D2391D003F00A1 /* MainViewController.m in Sources */,
				BDE0B2071A034E93BD907ECF /* CDVFile.m in Sources */,
				FB79EDAF92B14806A4BB5900 /* CDVLocalFilesystem.m in Sources */,
				C2FED7AEC5884889BAF2F140 /* CDVAssetLibraryFilesystem.m in Sources */,
				AAF7505FF4984F40973B682F /* CordovaHttpPlugin.m in Sources */,
				6B27411A5C464409BF55D35C /* TextResponseSerializer.m in Sources */,
				F43417D4CDED418C9E2D958E /* TextRequestSerializer.m in Sources */,
				6DE4E48FA92E4899B1AF0AE3 /* AFHTTPSessionManager.m in Sources */,
				259BF916F52943258C7D1BBE /* AFNetworkReachabilityManager.m in Sources */,
				75FACE80FE8E449DAA2AA997 /* AFSecurityPolicy.m in Sources */,
				EDF9A9A937B84D648CEA57F8 /* AFURLRequestSerialization.m in Sources */,
				B68139B9BB3C45D4A5376D3C /* AFURLResponseSerialization.m in Sources */,
				8E719C147A1B4CC9AD767B4C /* AFURLSessionManager.m in Sources */,
				8621AE524C244893A58968D2 /* CDVDevice.m in Sources */,
				9BA3214C13F54DA29BE490AE /* CDVIonicKeyboard.m in Sources */,
				56AFB9E451264FCBB65FDD20 /* CDVWKWebViewEngine.m in Sources */,
				CA9063EFAB6D4814923E24A6 /* CDVWKWebViewUIDelegate.m in Sources */,
				C979BD0CDFD041C987EF0AAF /* CDVWKProcessPoolFactory.m in Sources */,
				B1A50B4596544143855553C6 /* GCDWebServer.m in Sources */,
				267EC6DC665B453EAC79AE3B /* GCDWebServerConnection.m in Sources */,
				0F70652F346C4B458CA18170 /* GCDWebServerFunctions.m in Sources */,
				960EFDEF9A094401A3ABA321 /* GCDWebServerRequest.m in Sources */,
				CE17953B0B9343C890B52481 /* GCDWebServerResponse.m in Sources */,
				ADF42761E6E24E2AB7DBFF00 /* GCDWebServerDataRequest.m in Sources */,
				2A5DFAC2C59244548A864CFA /* GCDWebServerFileRequest.m in Sources */,
				6FE65CE1675649148E28DC8D /* GCDWebServerMultiPartFormRequest.m in Sources */,
				587AC02D4CEE4B49906EE544 /* GCDWebServerURLEncodedFormRequest.m in Sources */,
				920939F681C24AFDB7069F9A /* GCDWebServerDataResponse.m in Sources */,
				C9C2F1B313D44D76BA37B8AB /* GCDWebServerErrorResponse.m in Sources */,
				AE73A2E763844ACD9E730089 /* GCDWebServerFileResponse.m in Sources */,
				B9891DF1621B4C308AF54CE0 /* GCDWebServerStreamedResponse.m in Sources */,
				AA07DA34678243A683738ED5 /* CDVSplashScreen.m in Sources */,
				A8DB230B02D1485894E110AB /* CDVViewController+SplashScreen.m in Sources */,
				AAC34C5C42C74339B9CBF016 /* CDVStatusBar.m in Sources */,
			);
			runOnlyForDeploymentPostprocessing = 0;
		};
/* End PBXSourcesBuildPhase section */

/* Begin PBXTargetDependency section */
		301BF551109A68C00062928A /* PBXTargetDependency */ = {
			isa = PBXTargetDependency;
			name = CordovaLib;
			targetProxy = 301BF550109A68C00062928A /* PBXContainerItemProxy */;
		};
/* End PBXTargetDependency section */

/* Begin XCBuildConfiguration section */
		1D6058940D05DD3E006BFB54 /* Debug */ = {
			isa = XCBuildConfiguration;
			baseConfigurationReference = 3047A50F1AB8059700498E2A /* build-debug.xcconfig */;
			buildSettings = {
				ALWAYS_SEARCH_USER_PATHS = NO;
				ASSETCATALOG_COMPILER_APPICON_NAME = AppIcon;
				ASSETCATALOG_COMPILER_LAUNCHIMAGE_NAME = LaunchImage;
				CLANG_ENABLE_MODULES = YES;
				CLANG_ENABLE_OBJC_ARC = YES;
				COPY_PHASE_STRIP = NO;
				GCC_DYNAMIC_NO_PIC = NO;
				GCC_OPTIMIZATION_LEVEL = 0;
				GCC_PRECOMPILE_PREFIX_HEADER = YES;
				GCC_PREFIX_HEADER = "Mindbeacon/Mindbeacon-Prefix.pch";
				GCC_THUMB_SUPPORT = NO;
				GCC_VERSION = "";
				INFOPLIST_FILE = "Mindbeacon/Mindbeacon-Info.plist";
				IPHONEOS_DEPLOYMENT_TARGET = 9.0;
				LD_RUNPATH_SEARCH_PATHS = "@executable_path/Frameworks";
				PRODUCT_NAME = Mindbeacon;
				TARGETED_DEVICE_FAMILY = "1,2";
			};
			name = Debug;
		};
		1D6058950D05DD3E006BFB54 /* Release */ = {
			isa = XCBuildConfiguration;
			baseConfigurationReference = 3047A5101AB8059700498E2A /* build-release.xcconfig */;
			buildSettings = {
				ALWAYS_SEARCH_USER_PATHS = NO;
				ASSETCATALOG_COMPILER_APPICON_NAME = AppIcon;
				ASSETCATALOG_COMPILER_LAUNCHIMAGE_NAME = LaunchImage;
				CLANG_ENABLE_MODULES = YES;
				CLANG_ENABLE_OBJC_ARC = YES;
				COPY_PHASE_STRIP = YES;
				GCC_PRECOMPILE_PREFIX_HEADER = YES;
				GCC_PREFIX_HEADER = "Mindbeacon/Mindbeacon-Prefix.pch";
				GCC_THUMB_SUPPORT = NO;
				GCC_VERSION = "";
				INFOPLIST_FILE = "Mindbeacon/Mindbeacon-Info.plist";
				IPHONEOS_DEPLOYMENT_TARGET = 9.0;
				LD_RUNPATH_SEARCH_PATHS = "@executable_path/Frameworks";
				PRODUCT_NAME = Mindbeacon;
				TARGETED_DEVICE_FAMILY = "1,2";
			};
			name = Release;
		};
		C01FCF4F08A954540054247B /* Debug */ = {
			isa = XCBuildConfiguration;
			baseConfigurationReference = 3047A5111AB8059700498E2A /* build.xcconfig */;
			buildSettings = {
				CLANG_ENABLE_MODULES = YES;
				CLANG_ENABLE_OBJC_ARC = YES;
				CLANG_WARN_BOOL_CONVERSION = YES;
				CLANG_WARN_CONSTANT_CONVERSION = YES;
				CLANG_WARN_EMPTY_BODY = YES;
				CLANG_WARN_ENUM_CONVERSION = YES;
				CLANG_WARN_INT_CONVERSION = YES;
				CLANG_WARN__DUPLICATE_METHOD_MATCH = YES;
				GCC_C_LANGUAGE_STANDARD = c99;
				GCC_THUMB_SUPPORT = NO;
				GCC_VERSION = "";
				GCC_WARN_ABOUT_RETURN_TYPE = YES;
				GCC_WARN_UNDECLARED_SELECTOR = YES;
				GCC_WARN_UNINITIALIZED_AUTOS = YES;
				GCC_WARN_UNUSED_FUNCTION = YES;
				GCC_WARN_UNUSED_VARIABLE = YES;
				ONLY_ACTIVE_ARCH = YES;
				SDKROOT = iphoneos;
				SKIP_INSTALL = NO;
			};
			name = Debug;
		};
		C01FCF5008A954540054247B /* Release */ = {
			isa = XCBuildConfiguration;
			baseConfigurationReference = 3047A5111AB8059700498E2A /* build.xcconfig */;
			buildSettings = {
				CLANG_ENABLE_MODULES = YES;
				CLANG_ENABLE_OBJC_ARC = YES;
				CLANG_WARN_BOOL_CONVERSION = YES;
				CLANG_WARN_CONSTANT_CONVERSION = YES;
				CLANG_WARN_EMPTY_BODY = YES;
				CLANG_WARN_ENUM_CONVERSION = YES;
				CLANG_WARN_INT_CONVERSION = YES;
				CLANG_WARN__DUPLICATE_METHOD_MATCH = YES;
				GCC_C_LANGUAGE_STANDARD = c99;
				GCC_THUMB_SUPPORT = NO;
				GCC_VERSION = "";
				GCC_WARN_ABOUT_RETURN_TYPE = YES;
				GCC_WARN_UNDECLARED_SELECTOR = YES;
				GCC_WARN_UNINITIALIZED_AUTOS = YES;
				GCC_WARN_UNUSED_FUNCTION = YES;
				GCC_WARN_UNUSED_VARIABLE = YES;
				SDKROOT = iphoneos;
				SKIP_INSTALL = NO;
			};
			name = Release;
		};
/* End XCBuildConfiguration section */

/* Begin XCConfigurationList section */
		1D6058960D05DD3E006BFB54 /* Build configuration list for PBXNativeTarget "Mindbeacon" */ = {
			isa = XCConfigurationList;
			buildConfigurations = (
				1D6058940D05DD3E006BFB54 /* Debug */,
				1D6058950D05DD3E006BFB54 /* Release */,
			);
			defaultConfigurationIsVisible = 0;
			defaultConfigurationName = Release;
		};
		C01FCF4E08A954540054247B /* Build configuration list for PBXProject "Mindbeacon" */ = {
			isa = XCConfigurationList;
			buildConfigurations = (
				C01FCF4F08A954540054247B /* Debug */,
				C01FCF5008A954540054247B /* Release */,
			);
			defaultConfigurationIsVisible = 0;
			defaultConfigurationName = Release;
		};
/* End XCConfigurationList section */
	};
	rootObject = 29B97313FDCFA39411CA2CEA /* Project object */;
}
